github.com/aws/aws-sdk-go-v2 v1.27.0 h1:7bZWKoXhzI+mMR/HjdMx8ZCC5+6fY0lS5tr0bbgiLlo=
github.com/aws/aws-sdk-go-v2 v1.27.0/go.mod h1:ffIFB97e2yNsv4aTSGkqtHnppsIJzw7G7BReUZ3jCXM=
github.com/aws/aws-sdk-go-v2/aws/protocol/eventstream v1.6.2 h1:x6xsQXGSmW6frevwDA+vi/wqhp1ct18mVXYN08/93to=
github.com/aws/aws-sdk-go-v2/aws/protocol/eventstream v1.6.2/go.mod h1:lPprDr1e6cJdyYeGXnRaJoP4Md+cDBvi2eOj00BlGmg=
github.com/aws/aws-sdk-go-v2/config v1.27.11 h1:f47rANd2LQEYHda2ddSCKYId18/8BhSRM4BULGmfgNA=
github.com/aws/aws-sdk-go-v2/config v1.27.11/go.mod h1:SMsV78RIOYdve1vf36z8LmnszlRWkwMQtomCAI0/mIE=
github.com/aws/aws-sdk-go-v2/credentials v1.17.11 h1:YuIB1dJNf1Re822rriUOTxopaHHvIq0l/pX3fwO+Tzs=
github.com/aws/aws-sdk-go-v2/credentials v1.17.11/go.mod h1:AQtFPsDH9bI2O+71anW6EKL+NcD7LG3dpKGMV4SShgo=
github.com/aws/aws-sdk-go-v2/feature/ec2/imds v1.16.1 h1:FVJ0r5XTHSmIHJV6KuDmdYhEpvlHpiSd38RQWhut5J4=
github.com/aws/aws-sdk-go-v2/feature/ec2/imds v1.16.1/go.mod h1:zusuAeqezXzAB24LGuzuekqMAEgWkVYukBec3kr3jUg=
github.com/aws/aws-sdk-go-v2/internal/configsources v1.3.7 h1:lf/8VTF2cM+N4SLzaYJERKEWAXq8MOMpZfU6wEPWsPk=
github.com/aws/aws-sdk-go-v2/internal/configsources v1.3.7/go.mod h1:4SjkU7QiqK2M9oozyMzfZ/23LmUY+h3oFqhdeP5OMiI=
github.com/aws/aws-sdk-go-v2/internal/endpoints/v2 v2.6.7 h1:4OYVp0705xu8yjdyoWix0r9wPIRXnIzzOoUpQVHIJ/g=
github.com/aws/aws-sdk-go-v2/internal/endpoints/v2 v2.6.7/go.mod h1:vd7ESTEvI76T2Na050gODNmNU7+OyKrIKroYTu4ABiI=
github.com/aws/aws-sdk-go-v2/internal/ini v1.8.0 h1:hT8rVHwugYE2lEfdFE0QWVo81lF7jMrYJVDWI+f+VxU=
github.com/aws/aws-sdk-go-v2/internal/ini v1.8.0/go.mod h1:8tu/lYfQfFe6IGnaOdrpVgEL2IrrDOf6/m9RQum4NkY=
github.com/aws/aws-sdk-go-v2/internal/v4a v1.3.7 h1:/FUtT3xsoHO3cfh+I/kCbcMCN98QZRsiFet/V8QkWSs=
github.com/aws/aws-sdk-go-v2/internal/v4a v1.3.7/go.mod h1:MaCAgWpGooQoCWZnMur97rGn5dp350w2+CeiV5406wE=
github.com/aws/aws-sdk-go-v2/service/internal/accept-encoding v1.11.2 h1:Ji0DY1xUsUr3I8cHps0G+XM3WWU16lP6yG8qu1GAZAs=
github.com/aws/aws-sdk-go-v2/service/internal/accept-encoding v1.11.2/go.mod h1:5CsjAbs3NlGQyZNFACh+zztPDI7fU6eW9QsxjfnuBKg=
github.com/aws/aws-sdk-go-v2/service/internal/checksum v1.3.9 h1:UXqEWQI0n+q0QixzU0yUUQBZXRd5037qdInTIHFTl98=
github.com/aws/aws-sdk-go-v2/service/internal/checksum v1.3.9/go.mod h1:xP6Gq6fzGZT8w/ZN+XvGMZ2RU1LeEs7b2yUP5DN8NY4=
github.com/aws/aws-sdk-go-v2/service/internal/presigned-url v1.11.9 h1:Wx0rlZoEJR7JwlSZcHnEa7CNjrSIyVxMFWGAaXy4fJY=
github.com/aws/aws-sdk-go-v2/service/internal/presigned-url v1.11.9/go.mod h1:aVMHdE0aHO3v+f/iw01fmXV/5DbfQ3Bi9nN7nd9bE9Y=
github.com/aws/aws-sdk-go-v2/service/internal/s3shared v1.17.7 h1:uO5XR6QGBcmPyo2gxofYJLFkcVQ4izOoGDNenlZhTEk=
github.com/aws/aws-sdk-go-v2/service/internal/s3shared v1.17.7/go.mod h1:feeeAYfAcwTReM6vbwjEyDmiGho+YgBhaFULuXDW8kc=
github.com/aws/aws-sdk-go-v2/service/s3 v1.54.3 h1:57NtjG+WLims0TxIQbjTqebZUKDM03DfM11ANAekW0s=
github.com/aws/aws-sdk-go-v2/service/s3 v1.54.3/go.mod h1:739CllldowZiPPsDFcJHNF4FXrVxaSGVnZ9Ez9Iz9hc=
github.com/aws/aws-sdk-go-v2/service/sso v1.20.5 h1:vN8hEbpRnL7+Hopy9dzmRle1xmDc7o8tmY0klsr175w=
github.com/aws/aws-sdk-go-v2/service/sso v1.20.5/go.mod h1:qGzynb/msuZIE8I75DVRCUXw3o3ZyBmUvMwQ2t/BrGM=
github.com/aws/aws-sdk-go-v2/service/ssooidc v1.23.4 h1:Jux+gDDyi1Lruk+KHF91tK2KCuY61kzoCpvtvJJBtOE=
github.com/aws/aws-sdk-go-v2/service/ssooidc v1.23.4/go.mod h1:mUYPBhaF2lGiukDEjJX2BLRRKTmoUSitGDUgM4tRxak=
github.com/aws/aws-sdk-go-v2/service/sts v1.28.6 h1:cwIxeBttqPN3qkaAjcEcsh8NYr8n2HZPkcKgPAi1phU=
github.com/aws/aws-sdk-go-v2/service/sts v1.28.6/go.mod h1:FZf1/nKNEkHdGGJP/cI2MoIMquumuRK6ol3QQJNDxmw=
github.com/aws/smithy-go v1.20.2 h1:tbp628ireGtzcHDDmLT/6ADHidqnwgF57XOXZe6tp4Q=
github.com/aws/smithy-go v1.20.2/go.mod h1:krry+ya/rV9RDcV/Q16kpu6ypI4K2czasz0NC3qS14E=
github.com/aymanbagabas/go-osc52/v2 v2.0.1 h1:HwpRHbFMcZLEVr42D4p7XBqjyuxQH5SMiErDT4WkJ2k=
github.com/aymanbagabas/go-osc52/v2 v2.0.1/go.mod h1:uYgXzlJ7ZpABp8OJ+exZzJJhRNQ2ASbcXHWsFqH8hp8=
github.com/charmbracelet/lipgloss v0.11.0 h1:UoAcbQ6Qml8hDwSWs0Y1cB5TEQuZkDPH/ZqwWWYTG4g=
github.com/charmbracelet/lipgloss v0.11.0/go.mod h1:1UdRTH9gYgpcdNN5oBtjbu/IzNKtzVtb7sqN1t9LNn8=
github.com/charmbracelet/x/ansi v0.1.1 h1:CGAduulr6egay/YVbGc8Hsu8deMg1xZ/bkaXTPi1JDk=
github.com/charmbracelet/x/ansi v0.1.1/go.mod h1:dk73KoMTT5AX5BsX0KrqhsTqAnhZZoCBjs7dGWp4Ktw=
github.com/davecgh/go-spew v1.1.0/go.mod h1:J7Y8YcW2NihsgmVo/mv3lAwl/skON4iLHjSsI+c5H38=
github.com/davecgh/go-spew v1.1.1 h1:vj9j/u1bqnvCEfJOwUhtlOARqs3+rkHYY13jYWTU97c=
github.com/davecgh/go-spew v1.1.1/go.mod h1:J7Y8YcW2NihsgmVo/mv3lAwl/skON4iLHjSsI+c5H38=
github.com/joho/godotenv v1.5.1 h1:7eLL/+HRGLY0ldzfGMeQkb7vMd0as4CfYvUVzLqw0N0=
github.com/joho/godotenv v1.5.1/go.mod h1:f4LDr5Voq0i2e/R5DDNOoa2zzDfwtkZa6DnEwAbqwq4=
github.com/k0kubun/go-ansi v0.0.0-20180517002512-3bf9e2903213/go.mod h1:vNUNkEQ1e29fT/6vq2aBdFsgNPmy8qMdSay1npru+Sw=
github.com/lucasb-eyer/go-colorful v1.2.0 h1:1nnpGOrhyZZuNyfu1QjKiUICQ74+3FNCN69Aj6K7nkY=
github.com/lucasb-eyer/go-colorful v1.2.0/go.mod h1:R4dSotOR9KMtayYi1e77YzuveK+i7ruzyGqttikkLy0=
github.com/mattn/go-isatty v0.0.20 h1:xfD0iDuEKnDkl03q4limB+vH+GxLEtL/jb4xVJSWWEY=
github.com/mattn/go-isatty v0.0.20/go.mod h1:W+V8PltTTMOvKvAeJH7IuucS94S2C6jfK/D7dTCTo3Y=
github.com/mattn/go-runewidth v0.0.15 h1:UNAjwbU9l54TA3KzvqLGxwWjHmMgBUVhBiTjelZgg3U=
github.com/mattn/go-runewidth v0.0.15/go.mod h1:Jdepj2loyihRzMpdS35Xk/zdY8IAYHsh153qUoGf23w=
github.com/mitchellh/colorstring v0.0.0-20190213212951-d06e56a500db h1:62I3jR2EmQ4l5rM/4FEfDWcRD+abF5XlKShorW5LRoQ=
github.com/mitchellh/colorstring v0.0.0-20190213212951-d06e56a500db/go.mod h1:l0dey0ia/Uv7NcFFVbCLtqEBQbrT4OCwCSKTEv6enCw=
github.com/muesli/termenv v0.15.2 h1:GohcuySI0QmI3wN8Ok9PtKGkgkFIk7y6Vpb5PvrY+Wo=
github.com/muesli/termenv v0.15.2/go.mod h1:Epx+iuz8sNs7mNKhxzH4fWXGNpZwUaJKRS1noLXviQ8=
github.com/pmezard/go-difflib v1.0.0 h1:4DBwDE0NGyQoBHbLQYPwSUPoCMWR5BEzIk/f1lZbAQM=
github.com/pmezard/go-difflib v1.0.0/go.mod h1:iKH77koFhYxTK1pcRnkKkqfTogsbg7gZNVY4sRDYZ/4=
github.com/rivo/uniseg v0.2.0/go.mod h1:J6wj4VEh+S6ZtnVlnTBMWIodfgj8LQOQFoIToxlJtxc=
github.com/rivo/uniseg v0.4.7 h1:WUdvkW8uEhrYfLC4ZzdpI2ztxP1I582+49Oc5Mq64VQ=
github.com/rivo/uniseg v0.4.7/go.mod h1:FN3SvrM+Zdj16jyLfmOkMNblXMcoc8DfTHruCPUcx88=
github.com/schollz/progressbar/v3 v3.14.4 h1:W9ZrDSJk7eqmQhd3uxFNNcTr0QL+xuGNI9dEMrw0r74=
github.com/schollz/progressbar/v3 v3.14.4/go.mod h1:aT3UQ7yGm+2ZjeXPqsjTenwL3ddUiuZ0kfQ/2tHlyNI=
github.com/stretchr/objx v0.1.0/go.mod h1:HFkY916IF+rwdDfMAkV7OtwuqBVzrE8GR6GFx+wExME=
github.com/stretchr/testify v1.3.0 h1:TivCn/peBQ7UY8ooIcPgZFpTNSz0Q2U6UrFlUfqbe0Q=
github.com/stretchr/testify v1.3.0/go.mod h1:M5WIy9Dh21IEIfnGCwXGc5bZfKNJtfHm1UVUgZn+9EI=
golang.org/x/crypto v0.50.0 h1:zO47/JPrL6vsNkINmLoo/PH1gcxpls50DNogFvB5ZGI=
golang.org/x/crypto v0.50.0/go.mod h1:3muZ7vA7PBCE6xgPX7nkzzjiUq87kRItoJQM1Yo8S+Q=
golang.org/x/sys v0.6.0/go.mod h1:oPkhp1MJrh7nUepCBck5+mAzfO9JrbApNNgaTdGDITg=
golang.org/x/sys v0.20.0 h1:Od9JTbYCk261bKm4M/mw7AklTlFYIa0bIp9BgSm1S8Y=
golang.org/x/sys v0.20.0/go.mod h1:/VUhepiaJMQUp4+oa/7Zr1D23ma6VTLIYjOOTFZPUcA=
golang.org/x/sys v0.43.0 h1:Rlag2XtaFTxp19wS8MXlJwTvoh8ArU6ezoyFsMyCTNI=
golang.org/x/sys v0.43.0/go.mod h1:4GL1E5IUh+htKOUEOaiffhrAeqysfVGipDYzABqnCmw=
golang.org/x/term v0.20.0 h1:VnkxpohqXaOBYJtBmEppKUG6mXpi+4O6purfc2+sMhw=
golang.org/x/term v0.20.0/go.mod h1:8UkIAJTvZgivsXaD6/pH6U9ecQzZ45awqEOzuCvwpFY=
golang.org/x/term v0.42.0 h1:UiKe+zDFmJobeJ5ggPwOshJIVt6/Ft0rcfrXZDLWAWY=
golang.org/x/term v0.42.0/go.mod h1:Dq/D+snpsbazcBG5+F9Q1n2rXV8Ma+71xEjTRufARgY=
